version = 1
revision = 3
requires-python = ">=3.13"

[[package]]
name = "certifi"
version = "2025.11.12"
source = { registry = "https://pypi.org/simple" }
sdist = { url = "https://files.pythonhosted.org/packages/a2/8c/58f469717fa48465e4a50c014a0400602d3c437d7c0c468e17ada824da3a/certifi-2025.11.12.tar.gz", hash = "sha256:d8ab5478f2ecd78af242878415affce761ca6bc54a22a27e026d7c25357c3316", size = 160538, upload-time = "2025-11-12T02:54:51.517Z" }
wheels = [
    { url = "https://files.pythonhosted.org/packages/70/7d/9bc192684cea499815ff478dfcdc13835ddf401365057044fb721ec6bddb/certifi-2025.11.12-py3-none-any.whl", hash = "sha256:97de8790030bbd5c2d96b7ec782fc2f7820ef8dba6db909ccf95449f2d062d4b", size = 159438, upload-time = "2025-11-12T02:54:49.735Z" },
]

[[package]]
name = "charset-normalizer"
version = "3.4.4"
source = { registry = "https://pypi.org/simple" }
sdist = { url = "https://files.pythonhosted.org/packages/13/69/33ddede1939fdd074bce5434295f38fae7136463422fe4fd3e0e89b98062/charset_normalizer-3.4.4.tar.gz", hash = "sha256:94537985111c35f28720e43603b8e7b43a6ecfb2ce1d3058bbe955b73404e21a", size = 129418, upload-time = "2025-10-14T04:42:32.879Z" }
wheels = [
    { url = "https://files.pythonhosted.org/packages/97/45/4b3a1239bbacd321068ea6e7ac28875b03ab8bc0aa0966452db17cd36714/charset_normalizer-3.4.4-cp313-cp313-macosx_10_13_universal2.whl", hash = "sha256:e1f185f86a6f3403aa2420e815904c67b2f9ebc443f045edd0de921108345794", size = 208091, upload-time = "2025-10-14T04:41:13.346Z" },
    { url = "https://files.pythonhosted.org/packages/7d/62/73a6d7450829655a35bb88a88fca7d736f9882a27eacdca2c6d505b57e2e/charset_normalizer-3.4.4-cp313-cp313-manylinux2014_aarch64.manylinux_2_17_aarch64.manylinux_2_28_aarch64.whl", hash = "sha256:6b39f987ae8ccdf0d2642338faf2abb1862340facc796048b604ef14919e55ed", size = 147936, upload-time = "2025-10-14T04:41:14.461Z" },
    { url = "https://files.pythonhosted.org/packages/89/c5/adb8c8b3d6625bef6d88b251bbb0d95f8205831b987631ab0c8bb5d937c2/charset_normalizer-3.4.4-cp313-cp313-manylinux2014_armv7l.manylinux_2_17_armv7l.manylinux_2_31_armv7l.whl", hash = "sha256:3162d5d8ce1bb98dd51af660f2121c55d0fa541b46dff7bb9b9f86ea1d87de72", size = 144180, upload-time = "2025-10-14T04:41:15.588Z" },
    { url = "https://files.pythonhosted.org/packages/91/ed/9706e4070682d1cc219050b6048bfd293ccf67b3d4f5a4f39207453d4b99/charset_normalizer-3.4.4-cp313-cp313-manylinux2014_ppc64le.manylinux_2_17_ppc64le.manylinux_2_28_ppc64le.whl", hash = "sha256:81d5eb2a312700f4ecaa977a8235b634ce853200e828fbadf3a9c50bab278328", size = 161346, upload-time = "2025-10-14T04:41:16.738Z" },
    { url = "https://files.pythonhosted.org/packages/d5/0d/031f0d95e4972901a2f6f09ef055751805ff541511dc1252ba3ca1f80cf5/charset_normalizer-3.4.4-cp313-cp313-manylinux2014_s390x.manylinux_2_17_s390x.manylinux_2_28_s390x.whl", hash = "sha256:5bd2293095d766545ec1a8f612559f6b40abc0eb18bb2f5d1171872d34036ede", size = 158874, upload-time = "2025-10-14T04:41:17.923Z" },
    { url = "https://files.pythonhosted.org/packages/f5/83/6ab5883f57c9c801ce5e5677242328aa45592be8a00644310a008d04f922/charset_normalizer-3.4.4-cp313-cp313-manylinux2014_x86_64.manylinux_2_17_x86_64.manylinux_2_28_x86_64.whl", hash = "sha256:a8a8b89589086a25749f471e6a900d3f662d1d3b6e2e59dcecf787b1cc3a1894", size = 153076, upload-time = "2025-10-14T04:41:19.106Z" },
    { url = "https://files.pythonhosted.org/packages/75/1e/5ff781ddf5260e387d6419959ee89ef13878229732732ee73cdae01800f2/charset_normalizer-3.4.4-cp313-cp313-manylinux_2_31_riscv64.manylinux_2_39_riscv64.whl", hash = "sha256:bc7637e2f80d8530ee4a78e878bce464f70087ce73cf7c1caf142416923b98f1", size = 150601, upload-time = "2025-10-14T04:41:20.245Z" },
    { url = "https://files.pythonhosted.org/packages/d7/57/71be810965493d3510a6ca79b90c19e48696fb1ff964da319334b12677f0/charset_normalizer-3.4.4-cp313-cp313-musllinux_1_2_aarch64.whl", hash = "sha256:f8bf04158c6b607d747e93949aa60618b61312fe647a6369f88ce2ff16043490", size = 150376, upload-time = "2025-10-14T04:41:21.398Z" },
    { url = "https://files.pythonhosted.org/packages/e5/d5/c3d057a78c181d007014feb7e9f2e65905a6c4ef182c0ddf0de2924edd65/charset_normalizer-3.4.4-cp313-cp313-musllinux_1_2_armv7l.whl", hash = "sha256:554af85e960429cf30784dd47447d5125aaa3b99a6f0683589dbd27e2f45da44", size = 144825, upload-time = "2025-10-14T04:41:22.583Z" },
    { url = "https://files.pythonhosted.org/packages/e6/8c/d0406294828d4976f275ffbe66f00266c4b3136b7506941d87c00cab5272/charset_normalizer-3.4.4-cp313-cp313-musllinux_1_2_ppc64le.whl", hash = "sha256:74018750915ee7ad843a774364e13a3db91682f26142baddf775342c3f5b1133", size = 162583, upload-time = "2025-10-14T04:41:23.754Z" },
    { url = "https://files.pythonhosted.org/packages/d7/24/e2aa1f18c8f15c4c0e932d9287b8609dd30ad56dbe41d926bd846e22fb8d/charset_normalizer-3.4.4-cp313-cp313-musllinux_1_2_riscv64.whl", hash = "sha256:c0463276121fdee9c49b98908b3a89c39be45d86d1dbaa22957e38f6321d4ce3", size = 150366, upload-time = "2025-10-14T04:41:25.27Z" },
    { url = "https://files.pythonhosted.org/packages/e4/5b/1e6160c7739aad1e2df054300cc618b06bf784a7a164b0f238360721ab86/charset_normalizer-3.4.4-cp313-cp313-musllinux_1_2_s390x.whl", hash = "sha256:362d61fd13843997c1c446760ef36f240cf81d3ebf74ac62652aebaf7838561e", size = 160300, upload-time = "2025-10-14T04:41:26.725Z" },
    { url = "https://files.pythonhosted.org/packages/7a/10/f882167cd207fbdd743e55534d5d9620e095089d176d55cb22d5322f2afd/charset_normalizer-3.4.4-cp313-cp313-musllinux_1_2_x86_64.whl", hash = "sha256:9a26f18905b8dd5d685d6d07b0cdf98a79f3c7a918906af7cc143ea2e164c8bc", size = 154465, upload-time = "2025-10-14T04:41:28.322Z" },
    { url = "https://files.pythonhosted.org/packages/89/66/c7a9e1b7429be72123441bfdbaf2bc13faab3f90b933f664db506dea5915/charset_normalizer-3.4.4-cp313-cp313-win32.whl", hash = "sha256:9b35f4c90079ff2e2edc5b26c0c77925e5d2d255c42c74fdb70fb49b172726ac", size = 99404, upload-time = "2025-10-14T04:41:29.95Z" },
    { url = "https://files.pythonhosted.org/packages/c4/26/b9924fa27db384bdcd97ab83b4f0a8058d96ad9626ead570674d5e737d90/charset_normalizer-3.4.4-cp313-cp313-win_amd64.whl", hash = "sha256:b435cba5f4f750aa6c0a0d92c541fb79f69a387c91e61f1795227e4ed9cece14", size = 107092, upload-time = "2025-10-14T04:41:31.188Z" },
    { url = "https://files.pythonhosted.org/packages/af/8f/3ed4bfa0c0c72a7ca17f0380cd9e4dd842b09f664e780c13cff1dcf2ef1b/charset_normalizer-3.4.4-cp313-cp313-win_arm64.whl", hash = "sha256:542d2cee80be6f80247095cc36c418f7bddd14f4a6de45af91dfad36d817bba2", size = 100408, upload-time = "2025-10-14T04:41:32.624Z" },
    { url = "https://files.pythonhosted.org/packages/2a/35/7051599bd493e62411d6ede36fd5af83a38f37c4767b92884df7301db25d/charset_normalizer-3.4.4-cp314-cp314-macosx_10_13_universal2.whl", hash = "sha256:da3326d9e65ef63a817ecbcc0df6e94463713b754fe293eaa03da99befb9a5bd", size = 207746, upload-time = "2025-10-14T04:41:33.773Z" },
    { url = "https://files.pythonhosted.org/packages/10/9a/97c8d48ef10d6cd4fcead2415523221624bf58bcf68a802721a6bc807c8f/charset_normalizer-3.4.4-cp314-cp314-manylinux2014_aarch64.manylinux_2_17_aarch64.manylinux_2_28_aarch64.whl", hash = "sha256:8af65f14dc14a79b924524b1e7fffe304517b2bff5a58bf64f30b98bbc5079eb", size = 147889, upload-time = "2025-10-14T04:41:34.897Z" },
    { url = "https://files.pythonhosted.org/packages/10/bf/979224a919a1b606c82bd2c5fa49b5c6d5727aa47b4312bb27b1734f53cd/charset_normalizer-3.4.4-cp314-cp314-manylinux2014_armv7l.manylinux_2_17_armv7l.manylinux_2_31_armv7l.whl", hash = "sha256:74664978bb272435107de04e36db5a9735e78232b85b77d45cfb38f758efd33e", size = 143641, upload-time = "2025-10-14T04:41:36.116Z" },
    { url = "https://files.pythonhosted.org/packages/ba/33/0ad65587441fc730dc7bd90e9716b30b4702dc7b617e6ba4997dc8651495/charset_normalizer-3.4.4-cp314-cp314-manylinux2014_ppc64le.manylinux_2_17_ppc64le.manylinux_2_28_ppc64le.whl", hash = "sha256:752944c7ffbfdd10c074dc58ec2d5a8a4cd9493b314d367c14d24c17684ddd14", size = 160779, upload-time = "2025-10-14T04:41:37.229Z" },
    { url = "https://files.pythonhosted.org/packages/67/ed/331d6b249259ee71ddea93f6f2f0a56cfebd46938bde6fcc6f7b9a3d0e09/charset_normalizer-3.4.4-cp314-cp314-manylinux2014_s390x.manylinux_2_17_s390x.manylinux_2_28_s390x.whl", hash = "sha256:d1f13550535ad8cff21b8d757a3257963e951d96e20ec82ab44bc64aeb62a191", size = 159035, upload-time = "2025-10-14T04:41:38.368Z" },
    { url = "https://files.pythonhosted.org/packages/67/ff/f6b948ca32e4f2a4576aa129d8bed61f2e0543bf9f5f2b7fc3758ed005c9/charset_normalizer-3.4.4-cp314-cp314-manylinux2014_x86_64.manylinux_2_17_x86_64.manylinux_2_28_x86_64.whl", hash = "sha256:ecaae4149d99b1c9e7b88bb03e3221956f68fd6d50be2ef061b2381b61d20838", size = 152542, upload-time = "2025-10-14T04:41:39.862Z" },
    { url = "https://files.pythonhosted.org/packages/16/85/276033dcbcc369eb176594de22728541a925b2632f9716428c851b149e83/charset_normalizer-3.4.4-cp314-cp314-manylinux_2_31_riscv64.manylinux_2_39_riscv64.whl", hash = "sha256:cb6254dc36b47a990e59e1068afacdcd02958bdcce30bb50cc1700a8b9d624a6", size = 149524, upload-time = "2025-10-14T04:41:41.319Z" },
    { url = "https://files.pythonhosted.org/packages/9e/f2/6a2a1f722b6aba37050e626530a46a68f74e63683947a8acff92569f979a/charset_normalizer-3.4.4-cp314-cp314-musllinux_1_2_aarch64.whl", hash = "sha256:c8ae8a0f02f57a6e61203a31428fa1d677cbe50c93622b4149d5c0f319c1d19e", size = 150395, upload-time = "2025-10-14T04:41:42.539Z" },
    { url = "https://files.pythonhosted.org/packages/60/bb/2186cb2f2bbaea6338cad15ce23a67f9b0672929744381e28b0592676824/charset_normalizer-3.4.4-cp314-cp314-musllinux_1_2_armv7l.whl", hash = "sha256:47cc91b2f4dd2833fddaedd2893006b0106129d4b94fdb6af1f4ce5a9965577c", size = 143680, upload-time = "2025-10-14T04:41:43.661Z" },
    { url = "https://files.pythonhosted.org/packages/7d/a5/bf6f13b772fbb2a90360eb620d52ed8f796f3c5caee8398c3b2eb7b1c60d/charset_normalizer-3.4.4-cp314-cp314-musllinux_1_2_ppc64le.whl", hash = "sha256:82004af6c302b5d3ab2cfc4cc5f29db16123b1a8417f2e25f9066f91d4411090", size = 162045, upload-time = "2025-10-14T04:41:44.821Z" },
    { url = "https://files.pythonhosted.org/packages/df/c5/d1be898bf0dc3ef9030c3825e5d3b83f2c528d207d246cbabe245966808d/charset_normalizer-3.4.4-cp314-cp314-musllinux_1_2_riscv64.whl", hash = "sha256:2b7d8f6c26245217bd2ad053761201e9f9680f8ce52f0fcd8d0755aeae5b2152", size = 149687, upload-time = "2025-10-14T04:41:46.442Z" },
    { url = "https://files.pythonhosted.org/packages/a5/42/90c1f7b9341eef50c8a1cb3f098ac43b0508413f33affd762855f67a410e/charset_normalizer-3.4.4-cp314-cp314-musllinux_1_2_s390x.whl", hash = "sha256:799a7a5e4fb2d5898c60b640fd4981d6a25f1c11790935a44ce38c54e985f828", size = 160014, upload-time = "2025-10-14T04:41:47.631Z" },
    { url = "https://files.pythonhosted.org/packages/76/be/4d3ee471e8145d12795ab655ece37baed0929462a86e72372fd25859047c/charset_normalizer-3.4.4-cp314-cp314-musllinux_1_2_x86_64.whl", hash = "sha256:99ae2cffebb06e6c22bdc25801d7b30f503cc87dbd283479e7b606f70aff57ec", size = 154044, upload-time = "2025-10-14T04:41:48.81Z" },
    { url = "https://files.pythonhosted.org/packages/b0/6f/8f7af07237c34a1defe7defc565a9bc1807762f672c0fde711a4b22bf9c0/charset_normalizer-3.4.4-cp314-cp314-win32.whl", hash = "sha256:f9d332f8c2a2fcbffe1378594431458ddbef721c1769d78e2cbc06280d8155f9", size = 99940, upload-time = "2025-10-14T04:41:49.946Z" },
    { url = "https://files.pythonhosted.org/packages/4b/51/8ade005e5ca5b0d80fb4aff72a3775b325bdc3d27408c8113811a7cbe640/charset_normalizer-3.4.4-cp314-cp314-win_amd64.whl", hash = "sha256:8a6562c3700cce886c5be75ade4a5db4214fda19fede41d9792d100288d8f94c", size = 107104, upload-time = "2025-10-14T04:41:51.051Z" },
    { url = "https://files.pythonhosted.org/packages/da/5f/6b8f83a55bb8278772c5ae54a577f3099025f9ade59d0136ac24a0df4bde/charset_normalizer-3.4.4-cp314-cp314-win_arm64.whl", hash = "sha256:de00632ca48df9daf77a2c65a484531649261ec9f25489917f09e455cb09ddb2", size = 100743, upload-time = "2025-10-14T04:41:52.122Z" },
    { url = "https://files.pythonhosted.org/packages/0a/4c/925909008ed5a988ccbb72dcc897407e5d6d3bd72410d69e051fc0c14647/charset_normalizer-3.4.4-py3-none-any.whl", hash = "sha256:7a32c560861a02ff789ad905a2fe94e3f840803362c84fecf1851cb4cf3dc37f", size = 53402, upload-time = "2025-10-14T04:42:31.76Z" },
]

[[package]]
name = "colorama"
version = "0.4.6"
source = { registry = "https://pypi.org/simple" }
sdist = { url = "https://files.pythonhosted.org/packages/d8/53/6f443c9a4a8358a93a6792e2acffb9d9d5cb0a5cfd8802644b7b1c9a02e4/colorama-0.4.6.tar.gz", hash = "sha256:08695f5cb7ed6e0531a20572697297273c47b8cae5a63ffc6d6ed5c201be6e44", size = 27697, upload-time = "2022-10-25T02:36:22.414Z" }
wheels = [
    { url = "https://files.pythonhosted.org/packages/d1/d6/3965ed04c63042e047cb6a3e6ed1a63a35087b6a609aa3a15ed8ac56c221/colorama-0.4.6-py2.py3-none-any.whl", hash = "sha256:4f1d9991f5acc0ca119f9d443620b77f9d6b33703e51011c16baf57afb285fc6", size = 25335, upload-time = "2022-10-25T02:36:20.889Z" },
]

[[package]]
name = "docker"
version = "7.1.0"
source = { registry = "https://pypi.org/simple" }
dependencies = [
    { name = "pywin32", marker = "sys_platform == 'win32'" },
    { name = "requests" },
    { name = "urllib3" },
]
sdist = { url = "https://files.pythonhosted.org/packages/91/9b/4a2ea29aeba62471211598dac5d96825bb49348fa07e906ea930394a83ce/docker-7.1.0.tar.gz", hash = "sha256:ad8c70e6e3f8926cb8a92619b832b4ea5299e2831c14284663184e200546fa6c", size = 117834, upload-time = "2024-05-23T11:13:57.216Z" }
wheels = [
    { url = "https://files.pythonhosted.org/packages/e3/26/57c6fb270950d476074c087527a558ccb6f4436657314bfb6cdf484114c4/docker-7.1.0-py3-none-any.whl", hash = "sha256:c96b93b7f0a746f9e77d325bcfb87422a3d8bd4f03136ae8a85b37f1898d5fc0", size = 147774, upload-time = "2024-05-23T11:13:55.01Z" },
]

[[package]]
name = "execnet"
version = "2.1.2"
source = { registry = "https://pypi.org/simple" }
sdist = { url = "https://files.pythonhosted.org/packages/bf/89/780e11f9588d9e7128a3f87788354c7946a9cbb1401ad38a48c4db9a4f07/execnet-2.1.2.tar.gz", hash = "sha256:63d83bfdd9a23e35b9c6a3261412324f964c2ec8dcd8d3c6916ee9373e0befcd", size = 166622, upload-time = "2025-11-12T09:56:37.75Z" }
wheels = [
    { url = "https://files.pythonhosted.org/packages/ab/84/02fc1827e8cdded4aa65baef11296a9bbe595c474f0d6d758af082d849fd/execnet-2.1.2-py3-none-any.whl", hash = "sha256:67fba928dd5a544b783f6056f449e5e3931a5c378b128bc18501f7ea79e296ec", size = 40708, upload-time = "2025-11-12T09:56:36.333Z" },
]

[[package]]
name = "idna"
version = "3.11"
source = { registry = "https://pypi.org/simple" }
sdist = { url = "https://files.pythonhosted.org/packages/6f/6d/0703ccc57f3a7233505399edb88de3cbd678da106337b9fcde432b65ed60/idna-3.11.tar.gz", hash = "sha256:795dafcc9c04ed0c1fb032c2aa73654d8e8c5023a7df64a53f39190ada629902", size = 194582, upload-time = "2025-10-12T14:55:20.501Z" }
wheels = [
    { url = "https://files.pythonhosted.org/packages/0e/61/66938bbb5fc52dbdf84594873d5b51fb1f7c7794e9c0f5bd885f30bc507b/idna-3.11-py3-none-any.whl", hash = "sha256:771a87f49d9defaf64091e6e6fe9c18d4833f140bd19464795bc32d966ca37ea", size = 71008, upload-time = "2025-10-12T14:55:18.883Z" },
]

[[package]]
name = "iniconfig"
version = "2.3.0"
source = { registry = "https://pypi.org/simple" }
sdist = { url = "https://files.pythonhosted.org/packages/72/34/14ca021ce8e5dfedc35312d08ba8bf51fdd999c576889fc2c24cb97f4f10/iniconfig-2.3.0.tar.gz", hash = "sha256:c76315c77db068650d49c5b56314774a7804df16fee4402c1f19d6d15d8c4730", size = 20503, upload-time = "2025-10-18T21:55:43.219Z" }
wheels = [
    { url = "https://files.pythonhosted.org/packages/cb/b1/3846dd7f199d53cb17f49cba7e651e9ce294d8497c8c150530ed11865bb8/iniconfig-2.3.0-py3-none-any.whl", hash = "sha256:f631c04d2c48c52b84d0d0549c99ff3859c98df65b3101406327ecc7d53fbf12", size = 7484, upload-time = "2025-10-18T21:55:41.639Z" },
]

[[package]]
name = "packaging"
version = "25.0"
source = { registry = "https://pypi.org/simple" }
sdist = { url = "https://files.pythonhosted.org/packages/a1/d4/1fc4078c65507b51b96ca8f8c3ba19e6a61c8253c72794544580a7b6c24d/packaging-25.0.tar.gz", hash = "sha256:d443872c98d677bf60f6a1f2f8c1cb748e8fe762d2bf9d3148b5599295b0fc4f", size = 165727, upload-time = "2025-04-19T11:48:59.673Z" }
wheels = [
    { url = "https://files.pythonhosted.org/packages/20/12/38679034af332785aac8774540895e234f4d07f7545804097de4b666afd8/packaging-25.0-py3-none-any.whl", hash = "sha256:29572ef2b1f17581046b3a2227d5c611fb25ec70ca1ba8554b24b0e69331a484", size = 66469, upload-time = "2025-04-19T11:48:57.875Z" },
]

[[package]]
name = "pluggy"
version = "1.6.0"
source = { registry = "https://pypi.org/simple" }
sdist = { url = "https://files.pythonhosted.org/packages/f9/e2/3e91f31a7d2b083fe6ef3fa267035b518369d9511ffab804f839851d2779/pluggy-1.6.0.tar.gz", hash = "sha256:7dcc130b76258d33b90f61b658791dede3486c3e6bfb003ee5c9bfb396dd22f3", size = 69412, upload-time = "2025-05-15T12:30:07.975Z" }
wheels = [
    { url = "https://files.pythonhosted.org/packages/54/20/4d324d65cc6d9205fabedc306948156824eb9f0ee1633355a8f7ec5c66bf/pluggy-1.6.0-py3-none-any.whl", hash = "sha256:e920276dd6813095e9377c0bc5566d94c932c33b27a3e3945d8389c374dd4746", size = 20538, upload-time = "2025-05-15T12:30:06.134Z" },
]

[[package]]
name = "pygments"
version = "2.19.2"
source = { registry = "https://pypi.org/simple" }
sdist = { url = "https://files.pythonhosted.org/packages/b0/77/a5b8c569bf593b0140bde72ea885a803b82086995367bf2037de0159d924/pygments-2.19.2.tar.gz", hash = "sha256:636cb2477cec7f8952536970bc533bc43743542f70392ae026374600add5b887", size = 4968631, upload-time = "2025-06-21T13:39:12.283Z" }
wheels = [
    { url = "https://files.pythonhosted.org/packages/c7/21/705964c7812476f378728bdf590ca4b771ec72385c533964653c68e86bdc/pygments-2.19.2-py3-none-any.whl", hash = "sha256:86540386c03d588bb81d44bc3928634ff26449851e99741617ecb9037ee5ec0b", size = 1225217, upload-time = "2025-06-21T13:39:07.939Z" },
]

[[package]]
name = "pytest"
version = "9.0.2"
source = { registry = "https://pypi.org/simple" }
dependencies = [
    { name = "colorama", marker = "sys_platform == 'win32'" },
    { name = "iniconfig" },
    { name = "packaging" },
    { name = "pluggy" },
    { name = "pygments" },
]
sdist = { url = "https://files.pythonhosted.org/packages/d1/db/7ef3487e0fb0049ddb5ce41d3a49c235bf9ad299b6a25d5780a89f19230f/pytest-9.0.2.tar.gz", hash = "sha256:75186651a92bd89611d1d9fc20f0b4345fd827c41ccd5c299a868a05d70edf11", size = 1568901, upload-time = "2025-12-06T21:30:51.014Z" }
wheels = [
    { url = "https://files.pythonhosted.org/packages/3b/ab/b3226f0bd7cdcf710fbede2b3548584366da3b19b5021e74f5bde2a8fa3f/pytest-9.0.2-py3-none-any.whl", hash = "sha256:711ffd45bf766d5264d487b917733b453d917afd2b0ad65223959f59089f875b", size = 374801, upload-time = "2025-12-06T21:30:49.154Z" },
]

[[package]]
name = "pytest-xdist"
version = "3.8.0"
source = { registry = "https://pypi.org/simple" }
dependencies = [
    { name = "execnet" },
    { name = "pytest" },
]
sdist = { url = "https://files.pythonhosted.org/packages/78/b4/439b179d1ff526791eb921115fca8e44e596a13efeda518b9d845a619450/pytest_xdist-3.8.0.tar.gz", hash = "sha256:7e578125ec9bc6050861aa93f2d59f1d8d085595d6551c2c90b6f4fad8d3a9f1", size = 88069, upload-time = "2025-07-01T13:30:59.346Z" }
wheels = [
    { url = "https://files.pythonhosted.org/packages/ca/31/d4e37e9e550c2b92a9cbc2e4d0b7420a27224968580b5a447f420847c975/pytest_xdist-3.8.0-py3-none-any.whl", hash = "sha256:202ca578cfeb7370784a8c33d6d05bc6e13b4f25b5053c30a152269fd10f0b88", size = 46396, upload-time = "2025-07-01T13:30:56.632Z" },
]

[[package]]
name = "python-dotenv"
version = "1.2.1"
source = { registry = "https://pypi.org/simple" }
sdist = { url = "https://files.pythonhosted.org/packages/f0/26/19cadc79a718c5edbec86fd4919a6b6d3f681039a2f6d66d14be94e75fb9/python_dotenv-1.2.1.tar.gz", hash = "sha256:42667e897e16ab0d66954af0e60a9caa94f0fd4ecf3aaf6d2d260eec1aa36ad6", size = 44221, upload-time = "2025-10-26T15:12:10.434Z" }
wheels = [
    { url = "https://files.pythonhosted.org/packages/14/1b/a298b06749107c305e1fe0f814c6c74aea7b2f1e10989cb30f544a1b3253/python_dotenv-1.2.1-py3-none-any.whl", hash = "sha256:b81ee9561e9ca4004139c6cbba3a238c32b03e4894671e181b671e8cb8425d61", size = 21230, upload-time = "2025-10-26T15:12:09.109Z" },
]

[[package]]
name = "pywin32"
version = "311"
source = { registry = "https://pypi.org/simple" }
wheels = [
    { url = "https://files.pythonhosted.org/packages/a5/be/3fd5de0979fcb3994bfee0d65ed8ca9506a8a1260651b86174f6a86f52b3/pywin32-311-cp313-cp313-win32.whl", hash = "sha256:f95ba5a847cba10dd8c4d8fefa9f2a6cf283b8b88ed6178fa8a6c1ab16054d0d", size = 8705700, upload-time = "2025-07-14T20:13:26.471Z" },
    { url = "https://files.pythonhosted.org/packages/e3/28/e0a1909523c6890208295a29e05c2adb2126364e289826c0a8bc7297bd5c/pywin32-311-cp313-cp313-win_amd64.whl", hash = "sha256:718a38f7e5b058e76aee1c56ddd06908116d35147e133427e59a3983f703a20d", size = 9494700, upload-time = "2025-07-14T20:13:28.243Z" },
    { url = "https://files.pythonhosted.org/packages/04/bf/90339ac0f55726dce7d794e6d79a18a91265bdf3aa70b6b9ca52f35e022a/pywin32-311-cp313-cp313-win_arm64.whl", hash = "sha256:7b4075d959648406202d92a2310cb990fea19b535c7f4a78d3f5e10b926eeb8a", size = 8709318, upload-time = "2025-07-14T20:13:30.348Z" },
    { url = "https://files.pythonhosted.org/packages/c9/31/097f2e132c4f16d99a22bfb777e0fd88bd8e1c634304e102f313af69ace5/pywin32-311-cp314-cp314-win32.whl", hash = "sha256:b7a2c10b93f8986666d0c803ee19b5990885872a7de910fc460f9b0c2fbf92ee", size = 8840714, upload-time = "2025-07-14T20:13:32.449Z" },
    { url = "https://files.pythonhosted.org/packages/90/4b/07c77d8ba0e01349358082713400435347df8426208171ce297da32c313d/pywin32-311-cp314-cp314-win_amd64.whl", hash = "sha256:3aca44c046bd2ed8c90de9cb8427f581c479e594e99b5c0bb19b29c10fd6cb87", size = 9656800, upload-time = "2025-07-14T20:13:34.312Z" },
    { url = "https://files.pythonhosted.org/packages/c0/d2/21af5c535501a7233e734b8af901574572da66fcc254cb35d0609c9080dd/pywin32-311-cp314-cp314-win_arm64.whl", hash = "sha256:a508e2d9025764a8270f93111a970e1d0fbfc33f4153b388bb649b7eec4f9b42", size = 8932540, upload-time = "2025-07-14T20:13:36.379Z" },
]

[[package]]
name = "requests"
version = "2.32.5"
source = { registry = "https://pypi.org/simple" }
dependencies = [
    { name = "certifi" },
    { name = "charset-normalizer" },
    { name = "idna" },
    { name = "urllib3" },
]
sdist = { url = "https://files.pythonhosted.org/packages/c9/74/b3ff8e6c8446842c3f5c837e9c3dfcfe2018ea6ecef224c710c85ef728f4/requests-2.32.5.tar.gz", hash = "sha256:dbba0bac56e100853db0ea71b82b4dfd5fe2bf6d3754a8893c3af500cec7d7cf", size = 134517, upload-time = "2025-08-18T20:46:02.573Z" }
wheels = [
    { url = "https://files.pythonhosted.org/packages/1e/db/4254e3eabe8020b458f1a747140d32277ec7a271daf1d235b70dc0b4e6e3/requests-2.32.5-py3-none-any.whl", hash = "sha256:2462f94637a34fd532264295e186976db0f5d453d1cdd31473c85a6a161affb6", size = 64738, upload-time = "2025-08-18T20:46:00.542Z" },
]

[[package]]
name = "test"
version = "0.0.1"
source = { virtual = "." }
dependencies = [
    { name = "pytest" },
    { name = "pytest-xdist" },
    { name = "requests" },
    { name = "testcontainers" },
]

[package.metadata]
requires-dist = [
    { name = "pytest", specifier = ">=9.0" },
    { name = "pytest-xdist", specifier = ">=3.8" },
    { name = "requests", specifier = ">=2.32" },
    { name = "testcontainers", specifier = ">=4.13" },
]

[[package]]
name = "testcontainers"
version = "4.13.3"
source = { registry = "https://pypi.org/simple" }
dependencies = [
    { name = "docker" },
    { name = "python-dotenv" },
    { name = "typing-extensions" },
    { name = "urllib3" },
    { name = "wrapt" },
]
sdist = { url = "https://files.pythonhosted.org/packages/fc/b3/c272537f3ea2f312555efeb86398cc382cd07b740d5f3c730918c36e64e1/testcontainers-4.13.3.tar.gz", hash = "sha256:9d82a7052c9a53c58b69e1dc31da8e7a715e8b3ec1c4df5027561b47e2efe646", size = 79064, upload-time = "2025-11-14T05:08:47.584Z" }
wheels = [
    { url = "https://files.pythonhosted.org/packages/73/27/c2f24b19dafa197c514abe70eda69bc031c5152c6b1f1e5b20099e2ceedd/testcontainers-4.13.3-py3-none-any.whl", hash = "sha256:063278c4805ffa6dd85e56648a9da3036939e6c0ac1001e851c9276b19b05970", size = 124784, upload-time = "2025-11-14T05:08:46.053Z" },
]

[[package]]
name = "typing-extensions"
version = "4.15.0"
source = { registry = "https://pypi.org/simple" }
sdist = { url = "https://files.pythonhosted.org/packages/72/94/1a15dd82efb362ac84269196e94cf00f187f7ed21c242792a923cdb1c61f/typing_extensions-4.15.0.tar.gz", hash = "sha256:0cea48d173cc12fa28ecabc3b837ea3cf6f38c6d1136f85cbaaf598984861466", size = 109391, upload-time = "2025-08-25T13:49:26.313Z" }
wheels = [
    { url = "https://files.pythonhosted.org/packages/18/67/36e9267722cc04a6b9f15c7f3441c2363321a3ea07da7ae0c0707beb2a9c/typing_extensions-4.15.0-py3-none-any.whl", hash = "sha256:f0fa19c6845758ab08074a0cfa8b7aecb71c999ca73d62883bc25cc018c4e548", size = 44614, upload-time = "2025-08-25T13:49:24.86Z" },
]

[[package]]
name = "urllib3"
version = "2.6.2"
source = { registry = "https://pypi.org/simple" }
sdist = { url = "https://files.pythonhosted.org/packages/1e/24/a2a2ed9addd907787d7aa0355ba36a6cadf1768b934c652ea78acbd59dcd/urllib3-2.6.2.tar.gz", hash = "sha256:016f9c98bb7e98085cb2b4b17b87d2c702975664e4f060c6532e64d1c1a5e797", size = 432930, upload-time = "2025-12-11T15:56:40.252Z" }
wheels = [
    { url = "https://files.pythonhosted.org/packages/6d/b9/4095b668ea3678bf6a0af005527f39de12fb026516fb3df17495a733b7f8/urllib3-2.6.2-py3-none-any.whl", hash = "sha256:ec21cddfe7724fc7cb4ba4bea7aa8e2ef36f607a4bab81aa6ce42a13dc3f03dd", size = 131182, upload-time = "2025-12-11T15:56:38.584Z" },
]

[[package]]
name = "wrapt"
version = "2.0.1"
source = { registry = "https://pypi.org/simple" }
sdist = { url = "https://files.pythonhosted.org/packages/49/2a/6de8a50cb435b7f42c46126cf1a54b2aab81784e74c8595c8e025e8f36d3/wrapt-2.0.1.tar.gz", hash = "sha256:9c9c635e78497cacb81e84f8b11b23e0aacac7a136e73b8e5b2109a1d9fc468f", size = 82040, upload-time = "2025-11-07T00:45:33.312Z" }
wheels = [
    { url = "https://files.pythonhosted.org/packages/ad/fe/41af4c46b5e498c90fc87981ab2972fbd9f0bccda597adb99d3d3441b94b/wrapt-2.0.1-cp313-cp313-macosx_10_13_universal2.whl", hash = "sha256:47b0f8bafe90f7736151f61482c583c86b0693d80f075a58701dd1549b0010a9", size = 78132, upload-time = "2025-11-07T00:44:04.628Z" },
    { url = "https://files.pythonhosted.org/packages/1c/92/d68895a984a5ebbbfb175512b0c0aad872354a4a2484fbd5552e9f275316/wrapt-2.0.1-cp313-cp313-macosx_10_13_x86_64.whl", hash = "sha256:cbeb0971e13b4bd81d34169ed57a6dda017328d1a22b62fda45e1d21dd06148f", size = 61211, upload-time = "2025-11-07T00:44:05.626Z" },
    { url = "https://files.pythonhosted.org/packages/e8/26/ba83dc5ae7cf5aa2b02364a3d9cf74374b86169906a1f3ade9a2d03cf21c/wrapt-2.0.1-cp313-cp313-macosx_11_0_arm64.whl", hash = "sha256:eb7cffe572ad0a141a7886a1d2efa5bef0bf7fe021deeea76b3ab334d2c38218", size = 61689, upload-time = "2025-11-07T00:44:06.719Z" },
    { url = "https://files.pythonhosted.org/packages/cf/67/d7a7c276d874e5d26738c22444d466a3a64ed541f6ef35f740dbd865bab4/wrapt-2.0.1-cp313-cp313-manylinux1_x86_64.manylinux_2_28_x86_64.manylinux_2_5_x86_64.whl", hash = "sha256:c8d60527d1ecfc131426b10d93ab5d53e08a09c5fa0175f6b21b3252080c70a9", size = 121502, upload-time = "2025-11-07T00:44:09.557Z" },
    { url = "https://files.pythonhosted.org/packages/0f/6b/806dbf6dd9579556aab22fc92908a876636e250f063f71548a8660382184/wrapt-2.0.1-cp313-cp313-manylinux2014_aarch64.manylinux_2_17_aarch64.manylinux_2_28_aarch64.whl", hash = "sha256:c654eafb01afac55246053d67a4b9a984a3567c3808bb7df2f8de1c1caba2e1c", size = 123110, upload-time = "2025-11-07T00:44:10.64Z" },
    { url = "https://files.pythonhosted.org/packages/e5/08/cdbb965fbe4c02c5233d185d070cabed2ecc1f1e47662854f95d77613f57/wrapt-2.0.1-cp313-cp313-manylinux_2_31_riscv64.manylinux_2_39_riscv64.whl", hash = "sha256:98d873ed6c8b4ee2418f7afce666751854d6d03e3c0ec2a399bb039cd2ae89db", size = 117434, upload-time = "2025-11-07T00:44:08.138Z" },
    { url = "https://files.pythonhosted.org/packages/2d/d1/6aae2ce39db4cb5216302fa2e9577ad74424dfbe315bd6669725569e048c/wrapt-2.0.1-cp313-cp313-musllinux_1_2_aarch64.whl", hash = "sha256:c9e850f5b7fc67af856ff054c71690d54fa940c3ef74209ad9f935b4f66a0233", size = 121533, upload-time = "2025-11-07T00:44:12.142Z" },
    { url = "https://files.pythonhosted.org/packages/79/35/565abf57559fbe0a9155c29879ff43ce8bd28d2ca61033a3a3dd67b70794/wrapt-2.0.1-cp313-cp313-musllinux_1_2_riscv64.whl", hash = "sha256:e505629359cb5f751e16e30cf3f91a1d3ddb4552480c205947da415d597f7ac2", size = 116324, upload-time = "2025-11-07T00:44:13.28Z" },
    { url = "https://files.pythonhosted.org/packages/e1/e0/53ff5e76587822ee33e560ad55876d858e384158272cd9947abdd4ad42ca/wrapt-2.0.1-cp313-cp313-musllinux_1_2_x86_64.whl", hash = "sha256:2879af909312d0baf35f08edeea918ee3af7ab57c37fe47cb6a373c9f2749c7b", size = 120627, upload-time = "2025-11-07T00:44:14.431Z" },
    { url = "https://files.pythonhosted.org/packages/7c/7b/38df30fd629fbd7612c407643c63e80e1c60bcc982e30ceeae163a9800e7/wrapt-2.0.1-cp313-cp313-win32.whl", hash = "sha256:d67956c676be5a24102c7407a71f4126d30de2a569a1c7871c9f3cabc94225d7", size = 58252, upload-time = "2025-11-07T00:44:17.814Z" },
    { url = "https://files.pythonhosted.org/packages/85/64/d3954e836ea67c4d3ad5285e5c8fd9d362fd0a189a2db622df457b0f4f6a/wrapt-2.0.1-cp313-cp313-win_amd64.whl", hash = "sha256:9ca66b38dd642bf90c59b6738af8070747b610115a39af2498535f62b5cdc1c3", size = 60500, upload-time = "2025-11-07T00:44:15.561Z" },
    { url = "https://files.pythonhosted.org/packages/89/4e/3c8b99ac93527cfab7f116089db120fef16aac96e5f6cdb724ddf286086d/wrapt-2.0.1-cp313-cp313-win_arm64.whl", hash = "sha256:5a4939eae35db6b6cec8e7aa0e833dcca0acad8231672c26c2a9ab7a0f8ac9c8", size = 58993, upload-time = "2025-11-07T00:44:16.65Z" },
    { url = "https://files.pythonhosted.org/packages/f9/f4/eff2b7d711cae20d220780b9300faa05558660afb93f2ff5db61fe725b9a/wrapt-2.0.1-cp313-cp313t-macosx_10_13_universal2.whl", hash = "sha256:a52f93d95c8d38fed0669da2ebdb0b0376e895d84596a976c15a9eb45e3eccb3", size = 82028, upload-time = "2025-11-07T00:44:18.944Z" },
    { url = "https://files.pythonhosted.org/packages/0c/67/cb945563f66fd0f61a999339460d950f4735c69f18f0a87ca586319b1778/wrapt-2.0.1-cp313-cp313t-macosx_10_13_x86_64.whl", hash = "sha256:4e54bbf554ee29fcceee24fa41c4d091398b911da6e7f5d7bffda963c9aed2e1", size = 62949, upload-time = "2025-11-07T00:44:20.074Z" },
    { url = "https://files.pythonhosted.org/packages/ec/ca/f63e177f0bbe1e5cf5e8d9b74a286537cd709724384ff20860f8f6065904/wrapt-2.0.1-cp313-cp313t-macosx_11_0_arm64.whl", hash = "sha256:908f8c6c71557f4deaa280f55d0728c3bca0960e8c3dd5ceeeafb3c19942719d", size = 63681, upload-time = "2025-11-07T00:44:21.345Z" },
    { url = "https://files.pythonhosted.org/packages/39/a1/1b88fcd21fd835dca48b556daef750952e917a2794fa20c025489e2e1f0f/wrapt-2.0.1-cp313-cp313t-manylinux1_x86_64.manylinux_2_28_x86_64.manylinux_2_5_x86_64.whl", hash = "sha256:e2f84e9af2060e3904a32cea9bb6db23ce3f91cfd90c6b426757cf7cc01c45c7", size = 152696, upload-time = "2025-11-07T00:44:24.318Z" },
    { url = "https://files.pythonhosted.org/packages/62/1c/d9185500c1960d9f5f77b9c0b890b7fc62282b53af7ad1b6bd779157f714/wrapt-2.0.1-cp313-cp313t-manylinux2014_aarch64.manylinux_2_17_aarch64.manylinux_2_28_aarch64.whl", hash = "sha256:e3612dc06b436968dfb9142c62e5dfa9eb5924f91120b3c8ff501ad878f90eb3", size = 158859, upload-time = "2025-11-07T00:44:25.494Z" },
    { url = "https://files.pythonhosted.org/packages/91/60/5d796ed0f481ec003220c7878a1d6894652efe089853a208ea0838c13086/wrapt-2.0.1-cp313-cp313t-manylinux_2_31_riscv64.manylinux_2_39_riscv64.whl", hash = "sha256:6d2d947d266d99a1477cd005b23cbd09465276e302515e122df56bb9511aca1b", size = 146068, upload-time = "2025-11-07T00:44:22.81Z" },
    { url = "https://files.pythonhosted.org/packages/04/f8/75282dd72f102ddbfba137e1e15ecba47b40acff32c08ae97edbf53f469e/wrapt-2.0.1-cp313-cp313t-musllinux_1_2_aarch64.whl", hash = "sha256:7d539241e87b650cbc4c3ac9f32c8d1ac8a54e510f6dca3f6ab60dcfd48c9b10", size = 155724, upload-time = "2025-11-07T00:44:26.634Z" },
    { url = "https://files.pythonhosted.org/packages/5a/27/fe39c51d1b344caebb4a6a9372157bdb8d25b194b3561b52c8ffc40ac7d1/wrapt-2.0.1-cp313-cp313t-musllinux_1_2_riscv64.whl", hash = "sha256:4811e15d88ee62dbf5c77f2c3ff3932b1e3ac92323ba3912f51fc4016ce81ecf", size = 144413, upload-time = "2025-11-07T00:44:27.939Z" },
    { url = "https://files.pythonhosted.org/packages/83/2b/9f6b643fe39d4505c7bf926d7c2595b7cb4b607c8c6b500e56c6b36ac238/wrapt-2.0.1-cp313-cp313t-musllinux_1_2_x86_64.whl", hash = "sha256:c1c91405fcf1d501fa5d55df21e58ea49e6b879ae829f1039faaf7e5e509b41e", size = 150325, upload-time = "2025-11-07T00:44:29.29Z" },
    { url = "https://files.pythonhosted.org/packages/bb/b6/20ffcf2558596a7f58a2e69c89597128781f0b88e124bf5a4cadc05b8139/wrapt-2.0.1-cp313-cp313t-win32.whl", hash = "sha256:e76e3f91f864e89db8b8d2a8311d57df93f01ad6bb1e9b9976d1f2e83e18315c", size = 59943, upload-time = "2025-11-07T00:44:33.211Z" },
    { url = "https://files.pythonhosted.org/packages/87/6a/0e56111cbb3320151eed5d3821ee1373be13e05b376ea0870711f18810c3/wrapt-2.0.1-cp313-cp313t-win_amd64.whl", hash = "sha256:83ce30937f0ba0d28818807b303a412440c4b63e39d3d8fc036a94764b728c92", size = 63240, upload-time = "2025-11-07T00:44:30.935Z" },
    { url = "https://files.pythonhosted.org/packages/1d/54/5ab4c53ea1f7f7e5c3e7c1095db92932cc32fd62359d285486d00c2884c3/wrapt-2.0.1-cp313-cp313t-win_arm64.whl", hash = "sha256:4b55cacc57e1dc2d0991dbe74c6419ffd415fb66474a02335cb10efd1aa3f84f", size = 60416, upload-time = "2025-11-07T00:44:32.002Z" },
    { url = "https://files.pythonhosted.org/packages/73/81/d08d83c102709258e7730d3cd25befd114c60e43ef3891d7e6877971c514/wrapt-2.0.1-cp314-cp314-macosx_10_13_universal2.whl", hash = "sha256:5e53b428f65ece6d9dad23cb87e64506392b720a0b45076c05354d27a13351a1", size = 78290, upload-time = "2025-11-07T00:44:34.691Z" },
    { url = "https://files.pythonhosted.org/packages/f6/14/393afba2abb65677f313aa680ff0981e829626fed39b6a7e3ec807487790/wrapt-2.0.1-cp314-cp314-macosx_10_13_x86_64.whl", hash = "sha256:ad3ee9d0f254851c71780966eb417ef8e72117155cff04821ab9b60549694a55", size = 61255, upload-time = "2025-11-07T00:44:35.762Z" },
    { url = "https://files.pythonhosted.org/packages/c4/10/a4a1f2fba205a9462e36e708ba37e5ac95f4987a0f1f8fd23f0bf1fc3b0f/wrapt-2.0.1-cp314-cp314-macosx_11_0_arm64.whl", hash = "sha256:d7b822c61ed04ee6ad64bc90d13368ad6eb094db54883b5dde2182f67a7f22c0", size = 61797, upload-time = "2025-11-07T00:44:37.22Z" },
    { url = "https://files.pythonhosted.org/packages/12/db/99ba5c37cf1c4fad35349174f1e38bd8d992340afc1ff27f526729b98986/wrapt-2.0.1-cp314-cp314-manylinux1_x86_64.manylinux_2_28_x86_64.manylinux_2_5_x86_64.whl", hash = "sha256:7164a55f5e83a9a0b031d3ffab4d4e36bbec42e7025db560f225489fa929e509", size = 120470, upload-time = "2025-11-07T00:44:39.425Z" },
    { url = "https://files.pythonhosted.org/packages/30/3f/a1c8d2411eb826d695fc3395a431757331582907a0ec59afce8fe8712473/wrapt-2.0.1-cp314-cp314-manylinux2014_aarch64.manylinux_2_17_aarch64.manylinux_2_28_aarch64.whl", hash = "sha256:e60690ba71a57424c8d9ff28f8d006b7ad7772c22a4af432188572cd7fa004a1", size = 122851, upload-time = "2025-11-07T00:44:40.582Z" },
    { url = "https://files.pythonhosted.org/packages/b3/8d/72c74a63f201768d6a04a8845c7976f86be6f5ff4d74996c272cefc8dafc/wrapt-2.0.1-cp314-cp314-manylinux_2_31_riscv64.manylinux_2_39_riscv64.whl", hash = "sha256:3cd1a4bd9a7a619922a8557e1318232e7269b5fb69d4ba97b04d20450a6bf970", size = 117433, upload-time = "2025-11-07T00:44:38.313Z" },
    { url = "https://files.pythonhosted.org/packages/c7/5a/df37cf4042cb13b08256f8e27023e2f9b3d471d553376616591bb99bcb31/wrapt-2.0.1-cp314-cp314-musllinux_1_2_aarch64.whl", hash = "sha256:b4c2e3d777e38e913b8ce3a6257af72fb608f86a1df471cb1d4339755d0a807c", size = 121280, upload-time = "2025-11-07T00:44:41.69Z" },
    { url = "https://files.pythonhosted.org/packages/54/34/40d6bc89349f9931e1186ceb3e5fbd61d307fef814f09fbbac98ada6a0c8/wrapt-2.0.1-cp314-cp314-musllinux_1_2_riscv64.whl", hash = "sha256:3d366aa598d69416b5afedf1faa539fac40c1d80a42f6b236c88c73a3c8f2d41", size = 116343, upload-time = "2025-11-07T00:44:43.013Z" },
    { url = "https://files.pythonhosted.org/packages/70/66/81c3461adece09d20781dee17c2366fdf0cb8754738b521d221ca056d596/wrapt-2.0.1-cp314-cp314-musllinux_1_2_x86_64.whl", hash = "sha256:c235095d6d090aa903f1db61f892fffb779c1eaeb2a50e566b52001f7a0f66ed", size = 119650, upload-time = "2025-11-07T00:44:44.523Z" },
    { url = "https://files.pythonhosted.org/packages/46/3a/d0146db8be8761a9e388cc9cc1c312b36d583950ec91696f19bbbb44af5a/wrapt-2.0.1-cp314-cp314-win32.whl", hash = "sha256:bfb5539005259f8127ea9c885bdc231978c06b7a980e63a8a61c8c4c979719d0", size = 58701, upload-time = "2025-11-07T00:44:48.277Z" },
    { url = "https://files.pythonhosted.org/packages/1a/38/5359da9af7d64554be63e9046164bd4d8ff289a2dd365677d25ba3342c08/wrapt-2.0.1-cp314-cp314-win_amd64.whl", hash = "sha256:4ae879acc449caa9ed43fc36ba08392b9412ee67941748d31d94e3cedb36628c", size = 60947, upload-time = "2025-11-07T00:44:46.086Z" },
    { url = "https://files.pythonhosted.org/packages/aa/3f/96db0619276a833842bf36343685fa04f987dd6e3037f314531a1e00492b/wrapt-2.0.1-cp314-cp314-win_arm64.whl", hash = "sha256:8639b843c9efd84675f1e100ed9e99538ebea7297b62c4b45a7042edb84db03e", size = 59359, upload-time = "2025-11-07T00:44:47.164Z" },
    { url = "https://files.pythonhosted.org/packages/71/49/5f5d1e867bf2064bf3933bc6cf36ade23505f3902390e175e392173d36a2/wrapt-2.0.1-cp314-cp314t-macosx_10_13_universal2.whl", hash = "sha256:9219a1d946a9b32bb23ccae66bdb61e35c62773ce7ca6509ceea70f344656b7b", size = 82031, upload-time = "2025-11-07T00:44:49.4Z" },
    { url = "https://files.pythonhosted.org/packages/2b/89/0009a218d88db66ceb83921e5685e820e2c61b59bbbb1324ba65342668bc/wrapt-2.0.1-cp314-cp314t-macosx_10_13_x86_64.whl", hash = "sha256:fa4184e74197af3adad3c889a1af95b53bb0466bced92ea99a0c014e48323eec", size = 62952, upload-time = "2025-11-07T00:44:50.74Z" },
    { url = "https://files.pythonhosted.org/packages/ae/18/9b968e920dd05d6e44bcc918a046d02afea0fb31b2f1c80ee4020f377cbe/wrapt-2.0.1-cp314-cp314t-macosx_11_0_arm64.whl", hash = "sha256:c5ef2f2b8a53b7caee2f797ef166a390fef73979b15778a4a153e4b5fedce8fa", size = 63688, upload-time = "2025-11-07T00:44:52.248Z" },
    { url = "https://files.pythonhosted.org/packages/a6/7d/78bdcb75826725885d9ea26c49a03071b10c4c92da93edda612910f150e4/wrapt-2.0.1-cp314-cp314t-manylinux1_x86_64.manylinux_2_28_x86_64.manylinux_2_5_x86_64.whl", hash = "sha256:e042d653a4745be832d5aa190ff80ee4f02c34b21f4b785745eceacd0907b815", size = 152706, upload-time = "2025-11-07T00:44:54.613Z" },
    { url = "https://files.pythonhosted.org/packages/dd/77/cac1d46f47d32084a703df0d2d29d47e7eb2a7d19fa5cbca0e529ef57659/wrapt-2.0.1-cp314-cp314t-manylinux2014_aarch64.manylinux_2_17_aarch64.manylinux_2_28_aarch64.whl", hash = "sha256:2afa23318136709c4b23d87d543b425c399887b4057936cd20386d5b1422b6fa", size = 158866, upload-time = "2025-11-07T00:44:55.79Z" },
    { url = "https://files.pythonhosted.org/packages/8a/11/b521406daa2421508903bf8d5e8b929216ec2af04839db31c0a2c525eee0/wrapt-2.0.1-cp314-cp314t-manylinux_2_31_riscv64.manylinux_2_39_riscv64.whl", hash = "sha256:6c72328f668cf4c503ffcf9434c2b71fdd624345ced7941bc6693e61bbe36bef", size = 146148, upload-time = "2025-11-07T00:44:53.388Z" },
    { url = "https://files.pythonhosted.org/packages/0c/c0/340b272bed297baa7c9ce0c98ef7017d9c035a17a6a71dce3184b8382da2/wrapt-2.0.1-cp314-cp314t-musllinux_1_2_aarch64.whl", hash = "sha256:3793ac154afb0e5b45d1233cb94d354ef7a983708cc3bb12563853b1d8d53747", size = 155737, upload-time = "2025-11-07T00:44:56.971Z" },
    { url = "https://files.pythonhosted.org/packages/f3/93/bfcb1fb2bdf186e9c2883a4d1ab45ab099c79cbf8f4e70ea453811fa3ea7/wrapt-2.0.1-cp314-cp314t-musllinux_1_2_riscv64.whl", hash = "sha256:fec0d993ecba3991645b4857837277469c8cc4c554a7e24d064d1ca291cfb81f", size = 144451, upload-time = "2025-11-07T00:44:58.515Z" },
    { url = "https://files.pythonhosted.org/packages/d2/6b/dca504fb18d971139d232652656180e3bd57120e1193d9a5899c3c0b7cdd/wrapt-2.0.1-cp314-cp314t-musllinux_1_2_x86_64.whl", hash = "sha256:949520bccc1fa227274da7d03bf238be15389cd94e32e4297b92337df9b7a349", size = 150353, upload-time = "2025-11-07T00:44:59.753Z" },
    { url = "https://files.pythonhosted.org/packages/1d/f6/a1de4bd3653afdf91d250ca5c721ee51195df2b61a4603d4b373aa804d1d/wrapt-2.0.1-cp314-cp314t-win32.whl", hash = "sha256:be9e84e91d6497ba62594158d3d31ec0486c60055c49179edc51ee43d095f79c", size = 60609, upload-time = "2025-11-07T00:45:03.315Z" },
    { url = "https://files.pythonhosted.org/packages/01/3a/07cd60a9d26fe73efead61c7830af975dfdba8537632d410462672e4432b/wrapt-2.0.1-cp314-cp314t-win_amd64.whl", hash = "sha256:61c4956171c7434634401db448371277d07032a81cc21c599c22953374781395", size = 64038, upload-time = "2025-11-07T00:45:00.948Z" },
    { url = "https://files.pythonhosted.org/packages/41/99/8a06b8e17dddbf321325ae4eb12465804120f699cd1b8a355718300c62da/wrapt-2.0.1-cp314-cp314t-win_arm64.whl", hash = "sha256:35cdbd478607036fee40273be8ed54a451f5f23121bd9d4be515158f9498f7ad", size = 60634, upload-time = "2025-11-07T00:45:02.087Z" },
    { url = "https://files.pythonhosted.org/packages/15/d1/b51471c11592ff9c012bd3e2f7334a6ff2f42a7aed2caffcf0bdddc9cb89/wrapt-2.0.1-py3-none-any.whl", hash = "sha256:4d2ce1bf1a48c5277d7969259232b57645aae5686dba1eaeade39442277afbca", size = 44046, upload-time = "2025-11-07T00:45:32.116Z" },
]
